
Microsoft Visual Studio Solution File, Format Version 12.00
# Visual Studio Version 16
VisualStudioVersion = 16.0.30105.148
MinimumVisualStudioVersion = 10.0.40219.1
Project("{2150E333-8FDC-42A3-9474-1A3956D46DE8}") = "README", "README", "{D4755E19-ED52-4FAE-A9AD-03A73952CCD1}"
	ProjectSection(SolutionItems) = preProject
		README.md = README.md
	EndProjectSection
EndProject
Project("{9A19103F-16F7-4668-BE54-9A1E7A4F7556}") = "ProtectStaticFilesWithAuth", "ProtectStaticFilesWithAuth\ProtectStaticFilesWithAuth.csproj", "{BBC90E50-65D0-45B1-B5B7-8D0A83EBD05A}"
EndProject
Global
	GlobalSection(SolutionConfigurationPlatforms) = preSolution
		Debug|Any CPU = Debug|Any CPU
		Release|Any CPU = Release|Any CPU
	EndGlobalSection
	GlobalSection(ProjectConfigurationPlatforms) = postSolution
		{BBC90E50-65D0-45B1-B5B7-8D0A83EBD05A}.Debug|Any CPU.ActiveCfg = Debug|Any CPU
		{BBC90E50-65D0-45B1-B5B7-8D0A83EBD05A}.Debug|Any CPU.Build.0 = Debug|Any CPU
		{BBC90E50-65D0-45B1-B5B7-8D0A83EBD05A}.Release|Any CPU.ActiveCfg = Release|Any CPU
		{BBC90E50-65D0-45B1-B5B7-8D0A83EBD05A}.Release|Any CPU.Build.0 = Release|Any CPU
	EndGlobalSection
	GlobalSection(SolutionProperties) = preSolution
		HideSolutionNode = FALSE
	EndGlobalSection
	GlobalSection(ExtensibilityGlobals) = postSolution
		SolutionGuid = {BFDD7CAF-5F23-44A9-8958-F39A5AA43AD4}
	EndGlobalSection
EndGlobal
